# THIS IS AN AUTOGENERATED FILE. DO NOT EDIT THIS FILE DIRECTLY.
# yarn lockfile v1


await-sleep@^0.0.1:
  version "0.0.1"
  resolved "https://registry.yarnpkg.com/await-sleep/-/await-sleep-0.0.1.tgz#044532e49f1f4219d2030d79f517d64569a27d50"
  integrity sha512-H3X3eAxwGpeNIk/yvFOs8g7500Q1YvzrxjSC9TNgLGtjrMFxPwhDdcT34QNs2iGWpZ+5WKkMJdjDoYs+Sw+TaA==

babel-runtime@^6.20.0:
  version "6.26.0"
  resolved "https://registry.yarnpkg.com/babel-runtime/-/babel-runtime-6.26.0.tgz#965c7058668e82b55d7bfe04ff2337bc8b5647fe"
  integrity sha1-llxwWGaOgrVde/4E/yM3vItWR/4=
  dependencies:
    core-js "^2.4.0"
    regenerator-runtime "^0.11.0"

bluebird@^3.5.0:
  version "3.5.4"
  resolved "https://registry.yarnpkg.com/bluebird/-/bluebird-3.5.4.tgz#d6cc661595de30d5b3af5fcedd3c0b3ef6ec5714"
  integrity sha512-FG+nFEZChJrbQ9tIccIfZJBz3J7mLrAhxakAbnrJWn8d7aKOC+LWifa0G+p4ZqKp4y13T7juYvdhq9NzKdsrjw==

build-url@^1.1.2:
  version "1.3.3"
  resolved "https://registry.yarnpkg.com/build-url/-/build-url-1.3.3.tgz#fad1ef30d8861931f85bc1f41fca0a537be31e5f"
  integrity sha512-uSC8d+d4SlbXTu/9nBhwEKi33CE0KQgCvfy8QwyrrO5vCuXr9hN021ZBh8ip5vxPbMOrZiPwgqcupuhezxiP3g==

camelcase-object@^1.0.0:
  version "1.0.0"
  resolved "https://registry.yarnpkg.com/camelcase-object/-/camelcase-object-1.0.0.tgz#850b84e9e3585703e516ad2b1f5bdc64b53044c2"
  integrity sha1-hQuE6eNYVwPlFq0rH1vcZLUwRMI=
  dependencies:
    camelcase "^2.0.0"
    map-obj "^1.0.0"

camelcase@^2.0.0:
  version "2.1.1"
  resolved "https://registry.yarnpkg.com/camelcase/-/camelcase-2.1.1.tgz#7c1d16d679a1bbe59ca02cacecfb011e201f5a1f"
  integrity sha1-fB0W1nmhu+WcoCys7PsBHiAfWh8=

core-js@^2.4.0:
  version "2.6.7"
  resolved "https://registry.yarnpkg.com/core-js/-/core-js-2.6.7.tgz#c2b19af9b50ec49c356ee087d6155632a889e968"
  integrity sha512-ydmsQxDVH7lDpYoirXft8S83ddKKfdsrsmWhtyj7xafXVLbLhKOyfD7kAi2ueFfeP7m9rNavjW59O3hLLzzC5A==

date-fns@^2.0.0-alpha.27:
  version "2.0.0-alpha.27"
  resolved "https://registry.yarnpkg.com/date-fns/-/date-fns-2.0.0-alpha.27.tgz#5ecd4204ef0e7064264039570f6e8afbc014481c"
  integrity sha512-cqfVLS+346P/Mpj2RpDrBv0P4p2zZhWWvfY5fuWrXNR/K38HaAGEkeOwb47hIpQP9Jr/TIxjZ2/sNMQwdXuGMg==

encoding@^0.1.11:
  version "0.1.12"
  resolved "https://registry.yarnpkg.com/encoding/-/encoding-0.1.12.tgz#538b66f3ee62cd1ab51ec323829d1f9480c74beb"
  integrity sha1-U4tm8+5izRq1HsMjgp0flIDHS+s=
  dependencies:
    iconv-lite "~0.4.13"

esm@^3.2.25:
  version "3.2.25"
  resolved "https://registry.yarnpkg.com/esm/-/esm-3.2.25.tgz#342c18c29d56157688ba5ce31f8431fbb795cc10"
  integrity sha512-U1suiZ2oDVWv4zPO56S0NcR5QriEahGtdN2OR6FiOG4WJvcjBVFB0qI4+eKoWFH483PKGuLuu6V8Z4T5g63UVA==

github-clubhouse@presslabs/github-clubhouse#master:
  version "0.5.0"
  resolved "https://codeload.github.com/presslabs/github-clubhouse/tar.gz/b7f9b6f178b1d79ed75bd21c696c664a0dc18eaf"
  dependencies:
    await-sleep "^0.0.1"
    babel-runtime "^6.20.0"
    bluebird "^3.5.0"
    build-url "^1.1.2"
    camelcase-object "^1.0.0"
    loadsh "^0.0.4"
    lodash "^4.17.11"
    minimist "^1.2.0"
    node-fetch "^1.6.3"
    parse-link-header "^0.4.1"

iconv-lite@~0.4.13:
  version "0.4.24"
  resolved "https://registry.yarnpkg.com/iconv-lite/-/iconv-lite-0.4.24.tgz#2022b4b25fbddc21d2f524974a474aafe733908b"
  integrity sha512-v3MXnZAcvnywkTUEZomIActle7RXXeedOR31wwl7VlyoXO4Qi9arvSenNQWne1TcRwhCL1HwLI21bEqdpj8/rA==
  dependencies:
    safer-buffer ">= 2.1.2 < 3"

is-stream@^1.0.1:
  version "1.1.0"
  resolved "https://registry.yarnpkg.com/is-stream/-/is-stream-1.1.0.tgz#12d4a3dd4e68e0b79ceb8dbc84173ae80d91ca44"
  integrity sha1-EtSj3U5o4Lec6428hBc66A2RykQ=

loadsh@^0.0.4:
  version "0.0.4"
  resolved "https://registry.yarnpkg.com/loadsh/-/loadsh-0.0.4.tgz#5314babd12bb13315dde024a4ca70758c5489d2d"
  integrity sha512-U+wLL8InpfRalWrr+0SuhWgGt10M4OyAk6G8xCYo2rwpiHtxZkWiFpjei0vO463ghW8LPCdhqQxXlMy2qicAEw==

lodash@^4.17.11:
  version "4.17.11"
  resolved "https://registry.yarnpkg.com/lodash/-/lodash-4.17.11.tgz#b39ea6229ef607ecd89e2c8df12536891cac9b8d"
  integrity sha512-cQKh8igo5QUhZ7lg38DYWAxMvjSAKG0A8wGSVimP07SIUEK2UO+arSRKbRZWtelMtN5V0Hkwh5ryOto/SshYIg==

map-obj@^1.0.0:
  version "1.0.1"
  resolved "https://registry.yarnpkg.com/map-obj/-/map-obj-1.0.1.tgz#d933ceb9205d82bdcf4886f6742bdc2b4dea146d"
  integrity sha1-2TPOuSBdgr3PSIb2dCvcK03qFG0=

minimist@^1.2.0:
  version "1.2.0"
  resolved "https://registry.yarnpkg.com/minimist/-/minimist-1.2.0.tgz#a35008b20f41383eec1fb914f4cd5df79a264284"
  integrity sha1-o1AIsg9BOD7sH7kU9M1d95omQoQ=

node-fetch@^1.6.3:
  version "1.7.3"
  resolved "https://registry.yarnpkg.com/node-fetch/-/node-fetch-1.7.3.tgz#980f6f72d85211a5347c6b2bc18c5b84c3eb47ef"
  integrity sha512-NhZ4CsKx7cYm2vSrBAr2PvFOe6sWDf0UYLRqA6svUYg7+/TSfVAu49jYC4BvQ4Sms9SZgdqGBgroqfDhJdTyKQ==
  dependencies:
    encoding "^0.1.11"
    is-stream "^1.0.1"

parse-link-header@^0.4.1:
  version "0.4.1"
  resolved "https://registry.yarnpkg.com/parse-link-header/-/parse-link-header-0.4.1.tgz#f6bd615dc6713fd40935ce97945e4d3f522edf14"
  integrity sha1-9r1hXcZxP9QJNc6XlF5NP1Iu3xQ=
  dependencies:
    xtend "~4.0.0"

regenerator-runtime@^0.11.0:
  version "0.11.1"
  resolved "https://registry.yarnpkg.com/regenerator-runtime/-/regenerator-runtime-0.11.1.tgz#be05ad7f9bf7d22e056f9726cee5017fbf19e2e9"
  integrity sha512-MguG95oij0fC3QV3URf4V2SDYGJhJnJGqvIIgdECeODCT98wSWDAJ94SSuVpYQUoTcGUIL6L4yNB7j1DFFHSBg==

"safer-buffer@>= 2.1.2 < 3":
  version "2.1.2"
  resolved "https://registry.yarnpkg.com/safer-buffer/-/safer-buffer-2.1.2.tgz#44fa161b0187b9549dd84bb91802f9bd8385cd6a"
  integrity sha512-YZo3K82SD7Riyi0E1EQPojLz7kpepnSQI9IyPbHHg1XXXevb5dJI7tpyN2ADxGcQbHG7vcyRHk0cbwqcQriUtg==

xtend@~4.0.0:
  version "4.0.1"
  resolved "https://registry.yarnpkg.com/xtend/-/xtend-4.0.1.tgz#a5c6d532be656e23db820efb943a1f04998d63af"
  integrity sha1-pcbVMr5lbiPbgg77lDofBJmNY68=
